
Microsoft Visual Studio Solution File, Format Version 12.00
# Visual Studio Version 17
VisualStudioVersion = 17.12.35728.132 d17.12
MinimumVisualStudioVersion = 10.0.40219.1
Project("{FAE04EC0-301F-11D3-BF4B-00C04F79EFBC}") = "PharmacyAPI", "PharmacyAPI.csproj", "{53AAA986-0367-45D9-95FB-33CD3CCC6A2F}"
EndProject
Project("{FAE04EC0-301F-11D3-BF4B-00C04F79EFBC}") = "PharmacyTabletUI", "..\PharmacyTabletUI\PharmacyTabletUI.csproj", "{1834CDF0-A225-4B45-955B-E38D56794B76}"
EndProject
Global
	GlobalSection(SolutionConfigurationPlatforms) = preSolution
		Debug|Any CPU = Debug|Any CPU
		Release|Any CPU = Release|Any CPU
	EndGlobalSection
	GlobalSection(ProjectConfigurationPlatforms) = postSolution
		{53AAA986-0367-45D9-95FB-33CD3CCC6A2F}.Debug|Any CPU.ActiveCfg = Debug|Any CPU
		{53AAA986-0367-45D9-95FB-33CD3CCC6A2F}.Debug|Any CPU.Build.0 = Debug|Any CPU
		{53AAA986-0367-45D9-95FB-33CD3CCC6A2F}.Release|Any CPU.ActiveCfg = Release|Any CPU
		{53AAA986-0367-45D9-95FB-33CD3CCC6A2F}.Release|Any CPU.Build.0 = Release|Any CPU
		{1834CDF0-A225-4B45-955B-E38D56794B76}.Debug|Any CPU.ActiveCfg = Debug|Any CPU
		{1834CDF0-A225-4B45-955B-E38D56794B76}.Debug|Any CPU.Build.0 = Debug|Any CPU
		{1834CDF0-A225-4B45-955B-E38D56794B76}.Release|Any CPU.ActiveCfg = Release|Any CPU
		{1834CDF0-A225-4B45-955B-E38D56794B76}.Release|Any CPU.Build.0 = Release|Any CPU
	EndGlobalSection
	GlobalSection(SolutionProperties) = preSolution
		HideSolutionNode = FALSE
	EndGlobalSection
EndGlobal
